
Microsoft Visual Studio Solution File, Format Version 12.00
# Visual Studio 15
VisualStudioVersion = 15.0.28307.539
MinimumVisualStudioVersion = 10.0.40219.1
Project("{FAE04EC0-301F-11D3-BF4B-00C04F79EFBC}") = "EPi.Libraries.Commerce.ExchangeRates", "EPi.Libraries.Commerce.ExchangeRates\EPi.Libraries.Commerce.ExchangeRates.csproj", "{D871EDDE-A177-41DA-988E-49E20C567F82}"
EndProject
Project("{FAE04EC0-301F-11D3-BF4B-00C04F79EFBC}") = "EPi.Libraries.Commerce.ExchangeRates.Fixer", "EPi.Libraries.Commerce.ExchangeRates.Fixer\EPi.Libraries.Commerce.ExchangeRates.Fixer.csproj", "{2D975180-7665-4E2B-B633-9A4BE31144DE}"
EndProject
Project("{2150E333-8FDC-42A3-9474-1A3956D46DE8}") = "Solution Files", "Solution Files", "{337E4B23-D378-40A5-A6DC-F95E0294501C}"
	ProjectSection(SolutionItems) = preProject
		appveyor.yml = appveyor.yml
		README.md = README.md
	EndProjectSection
EndProject
Project("{FAE04EC0-301F-11D3-BF4B-00C04F79EFBC}") = "EPi.Libraries.Commerce.ExchangeRates.CurrencyLayer", "EPi.Libraries.Commerce.ExchangeRates.CurrencyLayer\EPi.Libraries.Commerce.ExchangeRates.CurrencyLayer.csproj", "{87FE793A-550E-4E48-888C-902EC94E8AB8}"
EndProject
Project("{FAE04EC0-301F-11D3-BF4B-00C04F79EFBC}") = "EPi.Libraries.Commerce.ExchangeRates.Tests", "EPi.Libraries.Commerce.ExchangeRates.Tests\EPi.Libraries.Commerce.ExchangeRates.Tests.csproj", "{8EDF4429-251A-416D-BB68-93F227191BCF}"
EndProject
Global
	GlobalSection(SolutionConfigurationPlatforms) = preSolution
		Debug|Any CPU = Debug|Any CPU
		Release|Any CPU = Release|Any CPU
	EndGlobalSection
	GlobalSection(ProjectConfigurationPlatforms) = postSolution
		{D871EDDE-A177-41DA-988E-49E20C567F82}.Debug|Any CPU.ActiveCfg = Debug|Any CPU
		{D871EDDE-A177-41DA-988E-49E20C567F82}.Debug|Any CPU.Build.0 = Debug|Any CPU
		{D871EDDE-A177-41DA-988E-49E20C567F82}.Release|Any CPU.ActiveCfg = Release|Any CPU
		{D871EDDE-A177-41DA-988E-49E20C567F82}.Release|Any CPU.Build.0 = Release|Any CPU
		{2D975180-7665-4E2B-B633-9A4BE31144DE}.Debug|Any CPU.ActiveCfg = Debug|Any CPU
		{2D975180-7665-4E2B-B633-9A4BE31144DE}.Debug|Any CPU.Build.0 = Debug|Any CPU
		{2D975180-7665-4E2B-B633-9A4BE31144DE}.Release|Any CPU.ActiveCfg = Release|Any CPU
		{2D975180-7665-4E2B-B633-9A4BE31144DE}.Release|Any CPU.Build.0 = Release|Any CPU
		{87FE793A-550E-4E48-888C-902EC94E8AB8}.Debug|Any CPU.ActiveCfg = Debug|Any CPU
		{87FE793A-550E-4E48-888C-902EC94E8AB8}.Debug|Any CPU.Build.0 = Debug|Any CPU
		{87FE793A-550E-4E48-888C-902EC94E8AB8}.Release|Any CPU.ActiveCfg = Release|Any CPU
		{87FE793A-550E-4E48-888C-902EC94E8AB8}.Release|Any CPU.Build.0 = Release|Any CPU
		{8EDF4429-251A-416D-BB68-93F227191BCF}.Debug|Any CPU.ActiveCfg = Debug|Any CPU
		{8EDF4429-251A-416D-BB68-93F227191BCF}.Debug|Any CPU.Build.0 = Debug|Any CPU
		{8EDF4429-251A-416D-BB68-93F227191BCF}.Release|Any CPU.ActiveCfg = Release|Any CPU
		{8EDF4429-251A-416D-BB68-93F227191BCF}.Release|Any CPU.Build.0 = Release|Any CPU
	EndGlobalSection
	GlobalSection(SolutionProperties) = preSolution
		HideSolutionNode = FALSE
	EndGlobalSection
	GlobalSection(ExtensibilityGlobals) = postSolution
		SolutionGuid = {97718B48-7D0B-4D2B-B9DC-BC9AFF8A49FA}
	EndGlobalSection
EndGlobal
